
Microsoft Visual Studio Solution File, Format Version 12.00
# Visual Studio Version 17
VisualStudioVersion = 17.3.32922.545
MinimumVisualStudioVersion = 10.0.40219.1
Project("{8BC9CEB8-8B4A-11D0-8D11-00A0C91BC942}") = "Perspectiva", "Perspectiva\Perspectiva.vcxproj", "{0BD9F465-B2EA-4880-97C0-D7B76FFB86A7}"
EndProject
Global
	GlobalSection(SolutionConfigurationPlatforms) = preSolution
		Debug|x64 = Debug|x64
		Debug|x86 = Debug|x86
		Release|x64 = Release|x64
		Release|x86 = Release|x86
	EndGlobalSection
	GlobalSection(ProjectConfigurationPlatforms) = postSolution
		{0BD9F465-B2EA-4880-97C0-D7B76FFB86A7}.Debug|x64.ActiveCfg = Debug|x64
		{0BD9F465-B2EA-4880-97C0-D7B76FFB86A7}.Debug|x64.Build.0 = Debug|x64
		{0BD9F465-B2EA-4880-97C0-D7B76FFB86A7}.Debug|x86.ActiveCfg = Debug|Win32
		{0BD9F465-B2EA-4880-97C0-D7B76FFB86A7}.Debug|x86.Build.0 = Debug|Win32
		{0BD9F465-B2EA-4880-97C0-D7B76FFB86A7}.Release|x64.ActiveCfg = Release|x64
		{0BD9F465-B2EA-4880-97C0-D7B76FFB86A7}.Release|x64.Build.0 = Release|x64
		{0BD9F465-B2EA-4880-97C0-D7B76FFB86A7}.Release|x86.ActiveCfg = Release|Win32
		{0BD9F465-B2EA-4880-97C0-D7B76FFB86A7}.Release|x86.Build.0 = Release|Win32
	EndGlobalSection
	GlobalSection(SolutionProperties) = preSolution
		HideSolutionNode = FALSE
	EndGlobalSection
	GlobalSection(ExtensibilityGlobals) = postSolution
		SolutionGuid = {2F3DC90C-187A-43D2-A12D-3558B0048DDF}
	EndGlobalSection
EndGlobal
